
Microsoft Visual Studio Solution File, Format Version 12.00
# Visual Studio Version 17
VisualStudioVersion = 17.3.32819.101
MinimumVisualStudioVersion = 10.0.40219.1
Project("{9A19103F-16F7-4668-BE54-9A1E7A4F7556}") = "WizLib", "WizLib\WizLib.csproj", "{989A6DDC-64F5-4964-A21B-ED861CC5B1EC}"
EndProject
Project("{FAE04EC0-301F-11D3-BF4B-00C04F79EFBC}") = "WizLib_DataAccess", "WizLib_DataAccess\WizLib_DataAccess.csproj", "{1EA7E907-922F-443C-9499-143D7D6ABA30}"
EndProject
Project("{FAE04EC0-301F-11D3-BF4B-00C04F79EFBC}") = "WizLib_Model", "WizLib_Model\WizLib_Model.csproj", "{D967D4E4-E3CB-4EBC-98BF-49D01E242A6B}"
EndProject
Global
	GlobalSection(SolutionConfigurationPlatforms) = preSolution
		Debug|Any CPU = Debug|Any CPU
		Release|Any CPU = Release|Any CPU
	EndGlobalSection
	GlobalSection(ProjectConfigurationPlatforms) = postSolution
		{989A6DDC-64F5-4964-A21B-ED861CC5B1EC}.Debug|Any CPU.ActiveCfg = Debug|Any CPU
		{989A6DDC-64F5-4964-A21B-ED861CC5B1EC}.Debug|Any CPU.Build.0 = Debug|Any CPU
		{989A6DDC-64F5-4964-A21B-ED861CC5B1EC}.Release|Any CPU.ActiveCfg = Release|Any CPU
		{989A6DDC-64F5-4964-A21B-ED861CC5B1EC}.Release|Any CPU.Build.0 = Release|Any CPU
		{1EA7E907-922F-443C-9499-143D7D6ABA30}.Debug|Any CPU.ActiveCfg = Debug|Any CPU
		{1EA7E907-922F-443C-9499-143D7D6ABA30}.Debug|Any CPU.Build.0 = Debug|Any CPU
		{1EA7E907-922F-443C-9499-143D7D6ABA30}.Release|Any CPU.ActiveCfg = Release|Any CPU
		{1EA7E907-922F-443C-9499-143D7D6ABA30}.Release|Any CPU.Build.0 = Release|Any CPU
		{D967D4E4-E3CB-4EBC-98BF-49D01E242A6B}.Debug|Any CPU.ActiveCfg = Debug|Any CPU
		{D967D4E4-E3CB-4EBC-98BF-49D01E242A6B}.Debug|Any CPU.Build.0 = Debug|Any CPU
		{D967D4E4-E3CB-4EBC-98BF-49D01E242A6B}.Release|Any CPU.ActiveCfg = Release|Any CPU
		{D967D4E4-E3CB-4EBC-98BF-49D01E242A6B}.Release|Any CPU.Build.0 = Release|Any CPU
	EndGlobalSection
	GlobalSection(SolutionProperties) = preSolution
		HideSolutionNode = FALSE
	EndGlobalSection
	GlobalSection(ExtensibilityGlobals) = postSolution
		SolutionGuid = {D90C8C8E-A33E-4591-911F-6371D85F47B7}
	EndGlobalSection
EndGlobal
